{
  "nodes": {
    "advisory-db": {
      "flake": false,
      "locked": {
        "lastModified": 1720572893,
        "narHash": "sha256-EQfU1yMnebn7LoJNjjsQimyuWwz+2YzazqUZu8aX/r4=",
        "owner": "rustsec",
        "repo": "advisory-db",
        "rev": "97a2dc75838f19a5fd63dc3f8e3f57e0c4c8cfe6",
        "type": "github"
      },
      "original": {
        "owner": "rustsec",
        "repo": "advisory-db",
        "type": "github"
      }
    },
    "crane": {
      "inputs": {
        "nixpkgs": [
          "nixpkgs"
        ]
      },
      "locked": {
        "lastModified": 1721058578,
        "narHash": "sha256-fs/PVa3H5dS1//4BjecWi3nitXm5fRObx0JxXIAo+JA=",
        "owner": "ipetkov",
        "repo": "crane",
        "rev": "17e5109bb1d9fb393d70fba80988f7d70d1ded1a",
        "type": "github"
      },
      "original": {
        "owner": "ipetkov",
        "repo": "crane",
        "type": "github"
      }
    },
    "fenix": {
      "inputs": {
        "nixpkgs": [
          "nixpkgs"
        ],
        "rust-analyzer-src": "rust-analyzer-src"
      },
      "locked": {
        "lastModified": 1721111394,
        "narHash": "sha256-hCN0NCmqPdosiyGt2thVRqg9ltctTROzGAoMq57QXPs=",
        "owner": "nix-community",
        "repo": "fenix",
        "rev": "e63599e3186cfb3284933bc815d33a509addd00e",
        "type": "github"
      },
      "original": {
        "owner": "nix-community",
        "repo": "fenix",
        "type": "github"
      }
    },
    "flake-utils": {
      "inputs": {
        "systems": "systems"
      },
      "locked": {
        "lastModified": 1710146030,
        "narHash": "sha256-SZ5L6eA7HJ/nmkzGG7/ISclqe6oZdOZTNoesiInkXPQ=",
        "owner": "numtide",
        "repo": "flake-utils",
        "rev": "b1d9ab70662946ef0850d488da1c9019f3a9752a",
        "type": "github"
      },
      "original": {
        "owner": "numtide",
        "repo": "flake-utils",
        "type": "github"
      }
    },
    "nixpkgs": {
      "locked": {
        "lastModified": 1721110899,
        "narHash": "sha256-BQsQiATNUm8O3ymGrr1uuKMhsRXs9SylWzrCOX2rMFI=",
        "owner": "NixOS",
        "repo": "nixpkgs",
        "rev": "25855cff6f9424d1279cef919a57d1fd379f1568",
        "type": "github"
      },
      "original": {
        "owner": "NixOS",
        "repo": "nixpkgs",
        "type": "github"
      }
    },
    "root": {
      "inputs": {
        "advisory-db": "advisory-db",
        "crane": "crane",
        "fenix": "fenix",
        "flake-utils": "flake-utils",
        "nixpkgs": "nixpkgs"
      }
    },
    "rust-analyzer-src": {
      "flake": false,
      "locked": {
        "lastModified": 1721048109,
        "narHash": "sha256-X3tDuTPGKrAzTeQ9mkaGZL6srpsVEbZGW9PVdOLgfJo=",
        "owner": "rust-lang",
        "repo": "rust-analyzer",
        "rev": "0c95aaa08e5f870d269f0ca13010eda9a4dc3402",
        "type": "github"
      },
      "original": {
        "owner": "rust-lang",
        "ref": "nightly",
        "repo": "rust-analyzer",
        "type": "github"
      }
    },
    "systems": {
      "locked": {
        "lastModified": 1681028828,
        "narHash": "sha256-Vy1rq5AaRuLzOxct8nz4T6wlgyUR7zLU309k9mBC768=",
        "owner": "nix-systems",
        "repo": "default",
        "rev": "da67096a3b9bf56a91d16901293e51ba5b49a27e",
        "type": "github"
      },
      "original": {
        "owner": "nix-systems",
        "repo": "default",
        "type": "github"
      }
    }
  },
  "root": "root",
  "version": 7
}
