{
  "nodes": {
    "advisory-db": {
      "flake": false,
      "locked": {
        "lastModified": 1718755832,
        "narHash": "sha256-bSY6HPtJ9vCp0AGjL5X910aTg0mq32p3BcJmZQkNkMs=",
        "owner": "rustsec",
        "repo": "advisory-db",
        "rev": "8eb99abe8c369b48bbd4ca04133e1f05be22a778",
        "type": "github"
      },
      "original": {
        "owner": "rustsec",
        "repo": "advisory-db",
        "type": "github"
      }
    },
    "crane": {
      "inputs": {
        "nixpkgs": [
          "nixpkgs"
        ]
      },
      "locked": {
        "lastModified": 1719249093,
        "narHash": "sha256-0q1haa3sw6GbmJ+WhogMnducZGjEaCa/iR6hF2vq80I=",
        "owner": "ipetkov",
        "repo": "crane",
        "rev": "9791c77eb7e98b8d8ac5b0305d47282f994411ca",
        "type": "github"
      },
      "original": {
        "owner": "ipetkov",
        "repo": "crane",
        "type": "github"
      }
    },
    "fenix": {
      "inputs": {
        "nixpkgs": [
          "nixpkgs"
        ],
        "rust-analyzer-src": "rust-analyzer-src"
      },
      "locked": {
        "lastModified": 1719210510,
        "narHash": "sha256-k2UzQJoYURRxcSZxseB6ZX/cdr0K4svGDBZiE9FkaYs=",
        "owner": "nix-community",
        "repo": "fenix",
        "rev": "57a65e7ae468a2d53f645afdd84fcc3f1c63a5d7",
        "type": "github"
      },
      "original": {
        "owner": "nix-community",
        "repo": "fenix",
        "type": "github"
      }
    },
    "flake-utils": {
      "inputs": {
        "systems": "systems"
      },
      "locked": {
        "lastModified": 1710146030,
        "narHash": "sha256-SZ5L6eA7HJ/nmkzGG7/ISclqe6oZdOZTNoesiInkXPQ=",
        "owner": "numtide",
        "repo": "flake-utils",
        "rev": "b1d9ab70662946ef0850d488da1c9019f3a9752a",
        "type": "github"
      },
      "original": {
        "owner": "numtide",
        "repo": "flake-utils",
        "type": "github"
      }
    },
    "nixpkgs": {
      "locked": {
        "lastModified": 1719287233,
        "narHash": "sha256-vMC9QT5LmRQfoWYiV47gHIUips/B0gs5NgyRYZNdarc=",
        "owner": "NixOS",
        "repo": "nixpkgs",
        "rev": "e6e4cd92ad886b91a6de120ce61c81b7e6072530",
        "type": "github"
      },
      "original": {
        "owner": "NixOS",
        "repo": "nixpkgs",
        "type": "github"
      }
    },
    "root": {
      "inputs": {
        "advisory-db": "advisory-db",
        "crane": "crane",
        "fenix": "fenix",
        "flake-utils": "flake-utils",
        "nixpkgs": "nixpkgs"
      }
    },
    "rust-analyzer-src": {
      "flake": false,
      "locked": {
        "lastModified": 1719057472,
        "narHash": "sha256-jzZRTQjXhiwEdzo/SlxP72BUa7g0LVr7MEsaR7A/geg=",
        "owner": "rust-lang",
        "repo": "rust-analyzer",
        "rev": "2fd803cc13dc11aeacaa6474e3f803988a7bfe1a",
        "type": "github"
      },
      "original": {
        "owner": "rust-lang",
        "ref": "nightly",
        "repo": "rust-analyzer",
        "type": "github"
      }
    },
    "systems": {
      "locked": {
        "lastModified": 1681028828,
        "narHash": "sha256-Vy1rq5AaRuLzOxct8nz4T6wlgyUR7zLU309k9mBC768=",
        "owner": "nix-systems",
        "repo": "default",
        "rev": "da67096a3b9bf56a91d16901293e51ba5b49a27e",
        "type": "github"
      },
      "original": {
        "owner": "nix-systems",
        "repo": "default",
        "type": "github"
      }
    }
  },
  "root": "root",
  "version": 7
}
